GEM
  remote: https://rubygems.org/
  specs:
    bigdecimal (4.0.1)
    chunky_png (1.4.0)
    date (3.5.1)
    diff-lcs (1.6.2)
    google-protobuf (4.33.2)
      bigdecimal
      rake (>= 13)
    google-protobuf (4.33.2-aarch64-linux-gnu)
      bigdecimal
      rake (>= 13)
    google-protobuf (4.33.2-aarch64-linux-musl)
      bigdecimal
      rake (>= 13)
    google-protobuf (4.33.2-arm64-darwin)
      bigdecimal
      rake (>= 13)
    google-protobuf (4.33.2-x86-linux-gnu)
      bigdecimal
      rake (>= 13)
    google-protobuf (4.33.2-x86-linux-musl)
      bigdecimal
      rake (>= 13)
    google-protobuf (4.33.2-x86_64-darwin)
      bigdecimal
      rake (>= 13)
    google-protobuf (4.33.2-x86_64-linux-gnu)
      bigdecimal
      rake (>= 13)
    google-protobuf (4.33.2-x86_64-linux-musl)
      bigdecimal
      rake (>= 13)
    open-uri (0.5.0)
      stringio
      time
      uri
    rake (13.3.1)
    rspec (3.13.2)
      rspec-core (~> 3.13.0)
      rspec-expectations (~> 3.13.0)
      rspec-mocks (~> 3.13.0)
    rspec-core (3.13.6)
      rspec-support (~> 3.13.0)
    rspec-expectations (3.13.5)
      diff-lcs (>= 1.2.0, < 2.0)
      rspec-support (~> 3.13.0)
    rspec-mocks (3.13.7)
      diff-lcs (>= 1.2.0, < 2.0)
      rspec-support (~> 3.13.0)
    rspec-support (3.13.6)
    ruby-libgd (0.2.1)
    stringio (3.2.0)
    time (0.4.2)
      date
    uri (1.1.1)

PLATFORMS
  aarch64-linux-gnu
  aarch64-linux-musl
  arm64-darwin
  ruby
  x86-linux-gnu
  x86-linux-musl
  x86_64-darwin
  x86_64-linux-gnu
  x86_64-linux-musl

DEPENDENCIES
  chunky_png
  google-protobuf (~> 4.33)
  open-uri
  rake
  rspec
  ruby-libgd (~> 0.2.1)

BUNDLED WITH
   2.5.22
